
Microsoft Visual Studio Solution File, Format Version 12.00
# Visual Studio 14
VisualStudioVersion = 14.0.25420.1
MinimumVisualStudioVersion = 10.0.40219.1
Project("{2150E333-8FDC-42A3-9474-1A3956D46DE8}") = "src", "src", "{9EE066EF-39DF-4F54-AA3A-58322E8927B1}"
EndProject
Project("{2150E333-8FDC-42A3-9474-1A3956D46DE8}") = "Solution Items", "Solution Items", "{D77CB533-91B6-4D48-9A7E-6468E1BBAB38}"
	ProjectSection(SolutionItems) = preProject
		global.json = global.json
	EndProjectSection
EndProject
Project("{8BB2217D-0F2D-49D1-97BC-3654ED321F3B}") = "jsreport.Core.Client", "src\jsreport.Core.Client\jsreport.Core.Client.xproj", "{824E5CC3-CD41-43FB-8318-008BA5651AA0}"
EndProject
Global
	GlobalSection(SolutionConfigurationPlatforms) = preSolution
		Debug|Any CPU = Debug|Any CPU
		Release|Any CPU = Release|Any CPU
	EndGlobalSection
	GlobalSection(ProjectConfigurationPlatforms) = postSolution
		{824E5CC3-CD41-43FB-8318-008BA5651AA0}.Debug|Any CPU.ActiveCfg = Debug|Any CPU
		{824E5CC3-CD41-43FB-8318-008BA5651AA0}.Debug|Any CPU.Build.0 = Debug|Any CPU
		{824E5CC3-CD41-43FB-8318-008BA5651AA0}.Release|Any CPU.ActiveCfg = Release|Any CPU
		{824E5CC3-CD41-43FB-8318-008BA5651AA0}.Release|Any CPU.Build.0 = Release|Any CPU
	EndGlobalSection
	GlobalSection(SolutionProperties) = preSolution
		HideSolutionNode = FALSE
	EndGlobalSection
	GlobalSection(NestedProjects) = preSolution
		{824E5CC3-CD41-43FB-8318-008BA5651AA0} = {9EE066EF-39DF-4F54-AA3A-58322E8927B1}
	EndGlobalSection
EndGlobal
